lockfileVersion: 5.4

specifiers:
  '@metamask/detect-provider': ^1.2.0

dependencies:
  '@metamask/detect-provider': registry.npmmirror.com/@metamask/detect-provider/1.2.0

packages:

  registry.npmmirror.com/@metamask/detect-provider/1.2.0:
    resolution: {integrity: sha512-ocA76vt+8D0thgXZ7LxFPyqw3H7988qblgzddTDA6B8a/yU0uKV42QR/DhA+Jh11rJjxW0jKvwb5htA6krNZDQ==, registry: http://registry.npm.taobao.org/, tarball: https://registry.npmmirror.com/@metamask/detect-provider/-/detect-provider-1.2.0.tgz}
    name: '@metamask/detect-provider'
    version: 1.2.0
    engines: {node: '>= 10'}
    dev: false
