lockfileVersion: 5.4

specifiers:
  '@metamask/detect-provider': ^1.2.0
  pinia: ^2.0.30

dependencies:
  '@metamask/detect-provider': registry.npmmirror.com/@metamask/detect-provider/1.2.0

devDependencies:
  pinia: registry.npmmirror.com/pinia/2.0.30

packages:

  registry.npmmirror.com/@metamask/detect-provider/1.2.0:
    resolution: {integrity: sha512-ocA76vt+8D0thgXZ7LxFPyqw3H7988qblgzddTDA6B8a/yU0uKV42QR/DhA+Jh11rJjxW0jKvwb5htA6krNZDQ==, registry: http://registry.npm.taobao.org/, tarball: https://registry.npmmirror.com/@metamask/detect-provider/-/detect-provider-1.2.0.tgz}
    name: '@metamask/detect-provider'
    version: 1.2.0
    engines: {node: '>= 10'}
    dev: false

  registry.npmmirror.com/@vue/devtools-api/6.5.0:
    resolution: {integrity: sha512-o9KfBeaBmCKl10usN4crU53fYtC1r7jJwdGKjPT24t348rHxgfpZ0xL3Xm/gLUYnc0oTp8LAmrxOeLyu6tbk2Q==, registry: http://registry.npm.taobao.org/, tarball: https://registry.npmmirror.com/@vue/devtools-api/-/devtools-api-6.5.0.tgz}
    name: '@vue/devtools-api'
    version: 6.5.0
    dev: true

  registry.npmmirror.com/pinia/2.0.30:
    resolution: {integrity: sha512-q6DUmxWwe/mQgg+55QQjykpKC+aGeGdaJV3niminl19V08dE+LRTvSEuqi6/NLSGCKHI49KGL6tMNEOssFiMyA==, registry: http://registry.npm.taobao.org/, tarball: https://registry.npmmirror.com/pinia/-/pinia-2.0.30.tgz}
    name: pinia
    version: 2.0.30
    peerDependencies:
      '@vue/composition-api': ^1.4.0
      typescript: '>=4.4.4'
      vue: ^2.6.14 || ^3.2.0
    peerDependenciesMeta:
      '@vue/composition-api':
        optional: true
      typescript:
        optional: true
    dependencies:
      '@vue/devtools-api': registry.npmmirror.com/@vue/devtools-api/6.5.0
      vue-demi: registry.npmmirror.com/vue-demi/0.13.11
    dev: true

  registry.npmmirror.com/vue-demi/0.13.11:
    resolution: {integrity: sha512-IR8HoEEGM65YY3ZJYAjMlKygDQn25D5ajNFNoKh9RSDMQtlzCxtfQjdQgv9jjK+m3377SsJXY8ysq8kLCZL25A==, registry: http://registry.npm.taobao.org/, tarball: https://registry.npmmirror.com/vue-demi/-/vue-demi-0.13.11.tgz}
    name: vue-demi
    version: 0.13.11
    engines: {node: '>=12'}
    hasBin: true
    requiresBuild: true
    peerDependencies:
      '@vue/composition-api': ^1.0.0-rc.1
      vue: ^3.0.0-0 || ^2.6.0
    peerDependenciesMeta:
      '@vue/composition-api':
        optional: true
    dev: true
