lockfileVersion: 5.4

specifiers:
  '@ethersproject/address': ^5
  '@web3-react/types': ^8.0.20-beta.0
  pinia: ^2.0.30
  vue: ^3.2.47

dependencies:
  '@ethersproject/address': registry.npmmirror.com/@ethersproject/address/5.7.0
  '@web3-react/types': registry.npmmirror.com/@web3-react/types/8.0.20-beta.0
  pinia: registry.npmmirror.com/pinia/2.0.30_vue@3.2.47

devDependencies:
  vue: registry.npmmirror.com/vue/3.2.47

packages:

  registry.npmmirror.com/@babel/helper-string-parser/7.19.4:
    resolution: {integrity: sha512-nHtDoQcuqFmwYNYPz3Rah5ph2p8PFeFCsZk9A/48dPc/rGocJ5J3hAAZ7pb76VWX3fZKu+uEr/FhH5jLx7umrw==, registry: http://registry.npm.taobao.org/, tarball: https://registry.npmmirror.com/@babel/helper-string-parser/-/helper-string-parser-7.19.4.tgz}
    name: '@babel/helper-string-parser'
    version: 7.19.4
    engines: {node: '>=6.9.0'}

  registry.npmmirror.com/@babel/helper-validator-identifier/7.19.1:
    resolution: {integrity: sha512-awrNfaMtnHUr653GgGEs++LlAvW6w+DcPrOliSMXWCKo597CwL5Acf/wWdNkf/tfEQE3mjkeD1YOVZOUV/od1w==, registry: http://registry.npm.taobao.org/, tarball: https://registry.npmmirror.com/@babel/helper-validator-identifier/-/helper-validator-identifier-7.19.1.tgz}
    name: '@babel/helper-validator-identifier'
    version: 7.19.1
    engines: {node: '>=6.9.0'}

  registry.npmmirror.com/@babel/parser/7.20.13:
    resolution: {integrity: sha512-gFDLKMfpiXCsjt4za2JA9oTMn70CeseCehb11kRZgvd7+F67Hih3OHOK24cRrWECJ/ljfPGac6ygXAs/C8kIvw==, registry: http://registry.npm.taobao.org/, tarball: https://registry.npmmirror.com/@babel/parser/-/parser-7.20.13.tgz}
    name: '@babel/parser'
    version: 7.20.13
    engines: {node: '>=6.0.0'}
    hasBin: true
    dependencies:
      '@babel/types': registry.npmmirror.com/@babel/types/7.20.7

  registry.npmmirror.com/@babel/types/7.20.7:
    resolution: {integrity: sha512-69OnhBxSSgK0OzTJai4kyPDiKTIe3j+ctaHdIGVbRahTLAT7L3R9oeXHC2aVSuGYt3cVnoAMDmOCgJ2yaiLMvg==, registry: http://registry.npm.taobao.org/, tarball: https://registry.npmmirror.com/@babel/types/-/types-7.20.7.tgz}
    name: '@babel/types'
    version: 7.20.7
    engines: {node: '>=6.9.0'}
    dependencies:
      '@babel/helper-string-parser': registry.npmmirror.com/@babel/helper-string-parser/7.19.4
      '@babel/helper-validator-identifier': registry.npmmirror.com/@babel/helper-validator-identifier/7.19.1
      to-fast-properties: registry.npmmirror.com/to-fast-properties/2.0.0

  registry.npmmirror.com/@ethersproject/address/5.7.0:
    resolution: {integrity: sha512-9wYhYt7aghVGo758POM5nqcOMaE168Q6aRLJZwUmiqSrAungkG74gSSeKEIR7ukixesdRZGPgVqme6vmxs1fkA==, registry: http://registry.npm.taobao.org/, tarball: https://registry.npmmirror.com/@ethersproject/address/-/address-5.7.0.tgz}
    name: '@ethersproject/address'
    version: 5.7.0
    dependencies:
      '@ethersproject/bignumber': registry.npmmirror.com/@ethersproject/bignumber/5.7.0
      '@ethersproject/bytes': registry.npmmirror.com/@ethersproject/bytes/5.7.0
      '@ethersproject/keccak256': registry.npmmirror.com/@ethersproject/keccak256/5.7.0
      '@ethersproject/logger': registry.npmmirror.com/@ethersproject/logger/5.7.0
      '@ethersproject/rlp': registry.npmmirror.com/@ethersproject/rlp/5.7.0
    dev: false

  registry.npmmirror.com/@ethersproject/bignumber/5.7.0:
    resolution: {integrity: sha512-n1CAdIHRWjSucQO3MC1zPSVgV/6dy/fjL9pMrPP9peL+QxEg9wOsVqwD4+818B6LUEtaXzVHQiuivzRoxPxUGw==, registry: http://registry.npm.taobao.org/, tarball: https://registry.npmmirror.com/@ethersproject/bignumber/-/bignumber-5.7.0.tgz}
    name: '@ethersproject/bignumber'
    version: 5.7.0
    dependencies:
      '@ethersproject/bytes': registry.npmmirror.com/@ethersproject/bytes/5.7.0
      '@ethersproject/logger': registry.npmmirror.com/@ethersproject/logger/5.7.0
      bn.js: registry.npmmirror.com/bn.js/5.2.1
    dev: false

  registry.npmmirror.com/@ethersproject/bytes/5.7.0:
    resolution: {integrity: sha512-nsbxwgFXWh9NyYWo+U8atvmMsSdKJprTcICAkvbBffT75qDocbuggBU0SJiVK2MuTrp0q+xvLkTnGMPK1+uA9A==, registry: http://registry.npm.taobao.org/, tarball: https://registry.npmmirror.com/@ethersproject/bytes/-/bytes-5.7.0.tgz}
    name: '@ethersproject/bytes'
    version: 5.7.0
    dependencies:
      '@ethersproject/logger': registry.npmmirror.com/@ethersproject/logger/5.7.0
    dev: false

  registry.npmmirror.com/@ethersproject/keccak256/5.7.0:
    resolution: {integrity: sha512-2UcPboeL/iW+pSg6vZ6ydF8tCnv3Iu/8tUmLLzWWGzxWKFFqOBQFLo6uLUv6BDrLgCDfN28RJ/wtByx+jZ4KBg==, registry: http://registry.npm.taobao.org/, tarball: https://registry.npmmirror.com/@ethersproject/keccak256/-/keccak256-5.7.0.tgz}
    name: '@ethersproject/keccak256'
    version: 5.7.0
    dependencies:
      '@ethersproject/bytes': registry.npmmirror.com/@ethersproject/bytes/5.7.0
      js-sha3: registry.npmmirror.com/js-sha3/0.8.0
    dev: false

  registry.npmmirror.com/@ethersproject/logger/5.7.0:
    resolution: {integrity: sha512-0odtFdXu/XHtjQXJYA3u9G0G8btm0ND5Cu8M7i5vhEcE8/HmF4Lbdqanwyv4uQTr2tx6b7fQRmgLrsnpQlmnig==, registry: http://registry.npm.taobao.org/, tarball: https://registry.npmmirror.com/@ethersproject/logger/-/logger-5.7.0.tgz}
    name: '@ethersproject/logger'
    version: 5.7.0
    dev: false

  registry.npmmirror.com/@ethersproject/rlp/5.7.0:
    resolution: {integrity: sha512-rBxzX2vK8mVF7b0Tol44t5Tb8gomOHkj5guL+HhzQ1yBh/ydjGnpw6at+X6Iw0Kp3OzzzkcKp8N9r0W4kYSs9w==, registry: http://registry.npm.taobao.org/, tarball: https://registry.npmmirror.com/@ethersproject/rlp/-/rlp-5.7.0.tgz}
    name: '@ethersproject/rlp'
    version: 5.7.0
    dependencies:
      '@ethersproject/bytes': registry.npmmirror.com/@ethersproject/bytes/5.7.0
      '@ethersproject/logger': registry.npmmirror.com/@ethersproject/logger/5.7.0
    dev: false

  registry.npmmirror.com/@vue/compiler-core/3.2.47:
    resolution: {integrity: sha512-p4D7FDnQb7+YJmO2iPEv0SQNeNzcbHdGByJDsT4lynf63AFkOTFN07HsiRSvjGo0QrxR/o3d0hUyNCUnBU2Tig==, registry: http://registry.npm.taobao.org/, tarball: https://registry.npmmirror.com/@vue/compiler-core/-/compiler-core-3.2.47.tgz}
    name: '@vue/compiler-core'
    version: 3.2.47
    dependencies:
      '@babel/parser': registry.npmmirror.com/@babel/parser/7.20.13
      '@vue/shared': registry.npmmirror.com/@vue/shared/3.2.47
      estree-walker: registry.npmmirror.com/estree-walker/2.0.2
      source-map: registry.npmmirror.com/source-map/0.6.1

  registry.npmmirror.com/@vue/compiler-dom/3.2.47:
    resolution: {integrity: sha512-dBBnEHEPoftUiS03a4ggEig74J2YBZ2UIeyfpcRM2tavgMWo4bsEfgCGsu+uJIL/vax9S+JztH8NmQerUo7shQ==, registry: http://registry.npm.taobao.org/, tarball: https://registry.npmmirror.com/@vue/compiler-dom/-/compiler-dom-3.2.47.tgz}
    name: '@vue/compiler-dom'
    version: 3.2.47
    dependencies:
      '@vue/compiler-core': registry.npmmirror.com/@vue/compiler-core/3.2.47
      '@vue/shared': registry.npmmirror.com/@vue/shared/3.2.47

  registry.npmmirror.com/@vue/compiler-sfc/3.2.47:
    resolution: {integrity: sha512-rog05W+2IFfxjMcFw10tM9+f7i/+FFpZJJ5XHX72NP9eC2uRD+42M3pYcQqDXVYoj74kHMSEdQ/WmCjt8JFksQ==, registry: http://registry.npm.taobao.org/, tarball: https://registry.npmmirror.com/@vue/compiler-sfc/-/compiler-sfc-3.2.47.tgz}
    name: '@vue/compiler-sfc'
    version: 3.2.47
    dependencies:
      '@babel/parser': registry.npmmirror.com/@babel/parser/7.20.13
      '@vue/compiler-core': registry.npmmirror.com/@vue/compiler-core/3.2.47
      '@vue/compiler-dom': registry.npmmirror.com/@vue/compiler-dom/3.2.47
      '@vue/compiler-ssr': registry.npmmirror.com/@vue/compiler-ssr/3.2.47
      '@vue/reactivity-transform': registry.npmmirror.com/@vue/reactivity-transform/3.2.47
      '@vue/shared': registry.npmmirror.com/@vue/shared/3.2.47
      estree-walker: registry.npmmirror.com/estree-walker/2.0.2
      magic-string: registry.npmmirror.com/magic-string/0.25.9
      postcss: registry.npmmirror.com/postcss/8.4.21
      source-map: registry.npmmirror.com/source-map/0.6.1

  registry.npmmirror.com/@vue/compiler-ssr/3.2.47:
    resolution: {integrity: sha512-wVXC+gszhulcMD8wpxMsqSOpvDZ6xKXSVWkf50Guf/S+28hTAXPDYRTbLQ3EDkOP5Xz/+SY37YiwDquKbJOgZw==, registry: http://registry.npm.taobao.org/, tarball: https://registry.npmmirror.com/@vue/compiler-ssr/-/compiler-ssr-3.2.47.tgz}
    name: '@vue/compiler-ssr'
    version: 3.2.47
    dependencies:
      '@vue/compiler-dom': registry.npmmirror.com/@vue/compiler-dom/3.2.47
      '@vue/shared': registry.npmmirror.com/@vue/shared/3.2.47

  registry.npmmirror.com/@vue/devtools-api/6.5.0:
    resolution: {integrity: sha512-o9KfBeaBmCKl10usN4crU53fYtC1r7jJwdGKjPT24t348rHxgfpZ0xL3Xm/gLUYnc0oTp8LAmrxOeLyu6tbk2Q==, registry: http://registry.npm.taobao.org/, tarball: https://registry.npmmirror.com/@vue/devtools-api/-/devtools-api-6.5.0.tgz}
    name: '@vue/devtools-api'
    version: 6.5.0
    dev: false

  registry.npmmirror.com/@vue/reactivity-transform/3.2.47:
    resolution: {integrity: sha512-m8lGXw8rdnPVVIdIFhf0LeQ/ixyHkH5plYuS83yop5n7ggVJU+z5v0zecwEnX7fa7HNLBhh2qngJJkxpwEEmYA==, registry: http://registry.npm.taobao.org/, tarball: https://registry.npmmirror.com/@vue/reactivity-transform/-/reactivity-transform-3.2.47.tgz}
    name: '@vue/reactivity-transform'
    version: 3.2.47
    dependencies:
      '@babel/parser': registry.npmmirror.com/@babel/parser/7.20.13
      '@vue/compiler-core': registry.npmmirror.com/@vue/compiler-core/3.2.47
      '@vue/shared': registry.npmmirror.com/@vue/shared/3.2.47
      estree-walker: registry.npmmirror.com/estree-walker/2.0.2
      magic-string: registry.npmmirror.com/magic-string/0.25.9

  registry.npmmirror.com/@vue/reactivity/3.2.47:
    resolution: {integrity: sha512-7khqQ/75oyyg+N/e+iwV6lpy1f5wq759NdlS1fpAhFXa8VeAIKGgk2E/C4VF59lx5b+Ezs5fpp/5WsRYXQiKxQ==, registry: http://registry.npm.taobao.org/, tarball: https://registry.npmmirror.com/@vue/reactivity/-/reactivity-3.2.47.tgz}
    name: '@vue/reactivity'
    version: 3.2.47
    dependencies:
      '@vue/shared': registry.npmmirror.com/@vue/shared/3.2.47

  registry.npmmirror.com/@vue/runtime-core/3.2.47:
    resolution: {integrity: sha512-RZxbLQIRB/K0ev0K9FXhNbBzT32H9iRtYbaXb0ZIz2usLms/D55dJR2t6cIEUn6vyhS3ALNvNthI+Q95C+NOpA==, registry: http://registry.npm.taobao.org/, tarball: https://registry.npmmirror.com/@vue/runtime-core/-/runtime-core-3.2.47.tgz}
    name: '@vue/runtime-core'
    version: 3.2.47
    dependencies:
      '@vue/reactivity': registry.npmmirror.com/@vue/reactivity/3.2.47
      '@vue/shared': registry.npmmirror.com/@vue/shared/3.2.47

  registry.npmmirror.com/@vue/runtime-dom/3.2.47:
    resolution: {integrity: sha512-ArXrFTjS6TsDei4qwNvgrdmHtD930KgSKGhS5M+j8QxXrDJYLqYw4RRcDy1bz1m1wMmb6j+zGLifdVHtkXA7gA==, registry: http://registry.npm.taobao.org/, tarball: https://registry.npmmirror.com/@vue/runtime-dom/-/runtime-dom-3.2.47.tgz}
    name: '@vue/runtime-dom'
    version: 3.2.47
    dependencies:
      '@vue/runtime-core': registry.npmmirror.com/@vue/runtime-core/3.2.47
      '@vue/shared': registry.npmmirror.com/@vue/shared/3.2.47
      csstype: registry.npmmirror.com/csstype/2.6.21

  registry.npmmirror.com/@vue/server-renderer/3.2.47_vue@3.2.47:
    resolution: {integrity: sha512-dN9gc1i8EvmP9RCzvneONXsKfBRgqFeFZLurmHOveL7oH6HiFXJw5OGu294n1nHc/HMgTy6LulU/tv5/A7f/LA==, registry: http://registry.npm.taobao.org/, tarball: https://registry.npmmirror.com/@vue/server-renderer/-/server-renderer-3.2.47.tgz}
    id: registry.npmmirror.com/@vue/server-renderer/3.2.47
    name: '@vue/server-renderer'
    version: 3.2.47
    peerDependencies:
      vue: 3.2.47
    dependencies:
      '@vue/compiler-ssr': registry.npmmirror.com/@vue/compiler-ssr/3.2.47
      '@vue/shared': registry.npmmirror.com/@vue/shared/3.2.47
      vue: registry.npmmirror.com/vue/3.2.47

  registry.npmmirror.com/@vue/shared/3.2.47:
    resolution: {integrity: sha512-BHGyyGN3Q97EZx0taMQ+OLNuZcW3d37ZEVmEAyeoA9ERdGvm9Irc/0Fua8SNyOtV1w6BS4q25wbMzJujO9HIfQ==, registry: http://registry.npm.taobao.org/, tarball: https://registry.npmmirror.com/@vue/shared/-/shared-3.2.47.tgz}
    name: '@vue/shared'
    version: 3.2.47

  registry.npmmirror.com/@web3-react/types/8.0.20-beta.0:
    resolution: {integrity: sha512-qOZYMyUmsm3Um6t6Pg3OgnE86ufhWZpB5/VxsooB8cdpXc/C/f8KMyYSeM63GoKSMScOKwfqV6yODFL7g/Qc8g==, registry: http://registry.npm.taobao.org/, tarball: https://registry.npmmirror.com/@web3-react/types/-/types-8.0.20-beta.0.tgz}
    name: '@web3-react/types'
    version: 8.0.20-beta.0
    dependencies:
      zustand: registry.npmmirror.com/zustand/4.3.2
    transitivePeerDependencies:
      - immer
      - react
    dev: false

  registry.npmmirror.com/bn.js/5.2.1:
    resolution: {integrity: sha512-eXRvHzWyYPBuB4NBy0cmYQjGitUrtqwbvlzP3G6VFnNRbsZQIxQ10PbKKHt8gZ/HW/D/747aDl+QkDqg3KQLMQ==, registry: http://registry.npm.taobao.org/, tarball: https://registry.npmmirror.com/bn.js/-/bn.js-5.2.1.tgz}
    name: bn.js
    version: 5.2.1
    dev: false

  registry.npmmirror.com/csstype/2.6.21:
    resolution: {integrity: sha512-Z1PhmomIfypOpoMjRQB70jfvy/wxT50qW08YXO5lMIJkrdq4yOTR+AW7FqutScmB9NkLwxo+jU+kZLbofZZq/w==, registry: http://registry.npm.taobao.org/, tarball: https://registry.npmmirror.com/csstype/-/csstype-2.6.21.tgz}
    name: csstype
    version: 2.6.21

  registry.npmmirror.com/estree-walker/2.0.2:
    resolution: {integrity: sha512-Rfkk/Mp/DL7JVje3u18FxFujQlTNR2q6QfMSMB7AvCBx91NGj/ba3kCfza0f6dVDbw7YlRf/nDrn7pQrCCyQ/w==, registry: http://registry.npm.taobao.org/, tarball: https://registry.npmmirror.com/estree-walker/-/estree-walker-2.0.2.tgz}
    name: estree-walker
    version: 2.0.2

  registry.npmmirror.com/js-sha3/0.8.0:
    resolution: {integrity: sha512-gF1cRrHhIzNfToc802P800N8PpXS+evLLXfsVpowqmAFR9uwbi89WvXg2QspOmXL8QL86J4T1EpFu+yUkwJY3Q==, registry: http://registry.npm.taobao.org/, tarball: https://registry.npmmirror.com/js-sha3/-/js-sha3-0.8.0.tgz}
    name: js-sha3
    version: 0.8.0
    dev: false

  registry.npmmirror.com/magic-string/0.25.9:
    resolution: {integrity: sha512-RmF0AsMzgt25qzqqLc1+MbHmhdx0ojF2Fvs4XnOqz2ZOBXzzkEwc/dJQZCYHAn7v1jbVOjAZfK8msRn4BxO4VQ==, registry: http://registry.npm.taobao.org/, tarball: https://registry.npmmirror.com/magic-string/-/magic-string-0.25.9.tgz}
    name: magic-string
    version: 0.25.9
    dependencies:
      sourcemap-codec: registry.npmmirror.com/sourcemap-codec/1.4.8

  registry.npmmirror.com/nanoid/3.3.4:
    resolution: {integrity: sha512-MqBkQh/OHTS2egovRtLk45wEyNXwF+cokD+1YPf9u5VfJiRdAiRwB2froX5Co9Rh20xs4siNPm8naNotSD6RBw==, registry: http://registry.npm.taobao.org/, tarball: https://registry.npmmirror.com/nanoid/-/nanoid-3.3.4.tgz}
    name: nanoid
    version: 3.3.4
    engines: {node: ^10 || ^12 || ^13.7 || ^14 || >=15.0.1}
    hasBin: true

  registry.npmmirror.com/picocolors/1.0.0:
    resolution: {integrity: sha512-1fygroTLlHu66zi26VoTDv8yRgm0Fccecssto+MhsZ0D/DGW2sm8E8AjW7NU5VVTRt5GxbeZ5qBuJr+HyLYkjQ==, registry: http://registry.npm.taobao.org/, tarball: https://registry.npmmirror.com/picocolors/-/picocolors-1.0.0.tgz}
    name: picocolors
    version: 1.0.0

  registry.npmmirror.com/pinia/2.0.30_vue@3.2.47:
    resolution: {integrity: sha512-q6DUmxWwe/mQgg+55QQjykpKC+aGeGdaJV3niminl19V08dE+LRTvSEuqi6/NLSGCKHI49KGL6tMNEOssFiMyA==, registry: http://registry.npm.taobao.org/, tarball: https://registry.npmmirror.com/pinia/-/pinia-2.0.30.tgz}
    id: registry.npmmirror.com/pinia/2.0.30
    name: pinia
    version: 2.0.30
    peerDependencies:
      '@vue/composition-api': ^1.4.0
      typescript: '>=4.4.4'
      vue: ^2.6.14 || ^3.2.0
    peerDependenciesMeta:
      '@vue/composition-api':
        optional: true
      typescript:
        optional: true
    dependencies:
      '@vue/devtools-api': registry.npmmirror.com/@vue/devtools-api/6.5.0
      vue: registry.npmmirror.com/vue/3.2.47
      vue-demi: registry.npmmirror.com/vue-demi/0.13.11_vue@3.2.47
    dev: false

  registry.npmmirror.com/postcss/8.4.21:
    resolution: {integrity: sha512-tP7u/Sn/dVxK2NnruI4H9BG+x+Wxz6oeZ1cJ8P6G/PZY0IKk4k/63TDsQf2kQq3+qoJeLm2kIBUNlZe3zgb4Zg==, registry: http://registry.npm.taobao.org/, tarball: https://registry.npmmirror.com/postcss/-/postcss-8.4.21.tgz}
    name: postcss
    version: 8.4.21
    engines: {node: ^10 || ^12 || >=14}
    dependencies:
      nanoid: registry.npmmirror.com/nanoid/3.3.4
      picocolors: registry.npmmirror.com/picocolors/1.0.0
      source-map-js: registry.npmmirror.com/source-map-js/1.0.2

  registry.npmmirror.com/source-map-js/1.0.2:
    resolution: {integrity: sha512-R0XvVJ9WusLiqTCEiGCmICCMplcCkIwwR11mOSD9CR5u+IXYdiseeEuXCVAjS54zqwkLcPNnmU4OeJ6tUrWhDw==, registry: http://registry.npm.taobao.org/, tarball: https://registry.npmmirror.com/source-map-js/-/source-map-js-1.0.2.tgz}
    name: source-map-js
    version: 1.0.2
    engines: {node: '>=0.10.0'}

  registry.npmmirror.com/source-map/0.6.1:
    resolution: {integrity: sha512-UjgapumWlbMhkBgzT7Ykc5YXUT46F0iKu8SGXq0bcwP5dz/h0Plj6enJqjz1Zbq2l5WaqYnrVbwWOWMyF3F47g==, registry: http://registry.npm.taobao.org/, tarball: https://registry.npmmirror.com/source-map/-/source-map-0.6.1.tgz}
    name: source-map
    version: 0.6.1
    engines: {node: '>=0.10.0'}

  registry.npmmirror.com/sourcemap-codec/1.4.8:
    resolution: {integrity: sha512-9NykojV5Uih4lgo5So5dtw+f0JgJX30KCNI8gwhz2J9A15wD0Ml6tjHKwf6fTSa6fAdVBdZeNOs9eJ71qCk8vA==, registry: http://registry.npm.taobao.org/, tarball: https://registry.npmmirror.com/sourcemap-codec/-/sourcemap-codec-1.4.8.tgz}
    name: sourcemap-codec
    version: 1.4.8
    deprecated: Please use @jridgewell/sourcemap-codec instead

  registry.npmmirror.com/to-fast-properties/2.0.0:
    resolution: {integrity: sha512-/OaKK0xYrs3DmxRYqL/yDc+FxFUVYhDlXMhRmv3z915w2HF1tnN1omB354j8VUGO/hbRzyD6Y3sA7v7GS/ceog==, registry: http://registry.npm.taobao.org/, tarball: https://registry.npmmirror.com/to-fast-properties/-/to-fast-properties-2.0.0.tgz}
    name: to-fast-properties
    version: 2.0.0
    engines: {node: '>=4'}

  registry.npmmirror.com/use-sync-external-store/1.2.0:
    resolution: {integrity: sha512-eEgnFxGQ1Ife9bzYs6VLi8/4X6CObHMw9Qr9tPY43iKwsPw8xE8+EFsf/2cFZ5S3esXgpWgtSCtLNS41F+sKPA==, registry: http://registry.npm.taobao.org/, tarball: https://registry.npmmirror.com/use-sync-external-store/-/use-sync-external-store-1.2.0.tgz}
    name: use-sync-external-store
    version: 1.2.0
    peerDependencies:
      react: ^16.8.0 || ^17.0.0 || ^18.0.0
    dev: false

  registry.npmmirror.com/vue-demi/0.13.11_vue@3.2.47:
    resolution: {integrity: sha512-IR8HoEEGM65YY3ZJYAjMlKygDQn25D5ajNFNoKh9RSDMQtlzCxtfQjdQgv9jjK+m3377SsJXY8ysq8kLCZL25A==, registry: http://registry.npm.taobao.org/, tarball: https://registry.npmmirror.com/vue-demi/-/vue-demi-0.13.11.tgz}
    id: registry.npmmirror.com/vue-demi/0.13.11
    name: vue-demi
    version: 0.13.11
    engines: {node: '>=12'}
    hasBin: true
    requiresBuild: true
    peerDependencies:
      '@vue/composition-api': ^1.0.0-rc.1
      vue: ^3.0.0-0 || ^2.6.0
    peerDependenciesMeta:
      '@vue/composition-api':
        optional: true
    dependencies:
      vue: registry.npmmirror.com/vue/3.2.47
    dev: false

  registry.npmmirror.com/vue/3.2.47:
    resolution: {integrity: sha512-60188y/9Dc9WVrAZeUVSDxRQOZ+z+y5nO2ts9jWXSTkMvayiWxCWOWtBQoYjLeccfXkiiPZWAHcV+WTPhkqJHQ==, registry: http://registry.npm.taobao.org/, tarball: https://registry.npmmirror.com/vue/-/vue-3.2.47.tgz}
    name: vue
    version: 3.2.47
    dependencies:
      '@vue/compiler-dom': registry.npmmirror.com/@vue/compiler-dom/3.2.47
      '@vue/compiler-sfc': registry.npmmirror.com/@vue/compiler-sfc/3.2.47
      '@vue/runtime-dom': registry.npmmirror.com/@vue/runtime-dom/3.2.47
      '@vue/server-renderer': registry.npmmirror.com/@vue/server-renderer/3.2.47_vue@3.2.47
      '@vue/shared': registry.npmmirror.com/@vue/shared/3.2.47

  registry.npmmirror.com/zustand/4.3.2:
    resolution: {integrity: sha512-rd4haDmlwMTVWVqwvgy00ny8rtti/klRoZjFbL/MAcDnmD5qSw/RZc+Vddstdv90M5Lv6RPgWvm1Hivyn0QgJw==, registry: http://registry.npm.taobao.org/, tarball: https://registry.npmmirror.com/zustand/-/zustand-4.3.2.tgz}
    name: zustand
    version: 4.3.2
    engines: {node: '>=12.7.0'}
    peerDependencies:
      immer: '>=9.0'
      react: '>=16.8'
    peerDependenciesMeta:
      immer:
        optional: true
      react:
        optional: true
    dependencies:
      use-sync-external-store: registry.npmmirror.com/use-sync-external-store/1.2.0
    dev: false
