lockfileVersion: 5.4

specifiers:
  '@walletconnect/jsonrpc-http-connection': ^1.0.2
  '@walletconnect/jsonrpc-provider': ^1.0.5
  '@walletconnect/types': ^1.8.0
  eventemitter3: ^4.0.7

dependencies:
  '@walletconnect/jsonrpc-http-connection': 1.0.4
  '@walletconnect/jsonrpc-provider': 1.0.6
  '@walletconnect/types': 1.8.0
  eventemitter3: registry.npmmirror.com/eventemitter3/4.0.7

packages:

  /@walletconnect/environment/1.0.1:
    resolution: {integrity: sha512-T426LLZtHj8e8rYnKfzsw1aG6+M0BT1ZxayMdv/p8yM0MU+eJDISqNY3/bccxRr4LrF9csq02Rhqt08Ibl0VRg==}
    dependencies:
      tslib: 1.14.1
    dev: false

  /@walletconnect/jsonrpc-http-connection/1.0.4:
    resolution: {integrity: sha512-ji79pspdBhmIbTwve383tMaDu5Le9plW+oj5GE2aqzxIl3ib8JvRBZRn5lGEBGqVCvqB3MBJL7gBlEwpyRtoxQ==}
    dependencies:
      '@walletconnect/jsonrpc-utils': 1.0.4
      '@walletconnect/safe-json': 1.0.1
      cross-fetch: 3.1.5
      tslib: 1.14.1
    transitivePeerDependencies:
      - encoding
    dev: false

  /@walletconnect/jsonrpc-provider/1.0.6:
    resolution: {integrity: sha512-f5vQxr53vUVQ51/9mRLb1OiNciT/546XZ68Byn9OYnDBGeGJXK2kQWDHp8sPWZbN5x0p7B6asdCWMVFJ6danlw==}
    dependencies:
      '@walletconnect/jsonrpc-utils': 1.0.4
      '@walletconnect/safe-json': 1.0.1
      tslib: 1.14.1
    dev: false

  /@walletconnect/jsonrpc-types/1.0.2:
    resolution: {integrity: sha512-CZe8tjJX73OWdHjrBHy7HtAapJ2tT0Q3TYhPBhRxi3643lwPIQWC9En45ldY14TZwgSewkbZ0FtGBZK0G7Bbyg==}
    dependencies:
      keyvaluestorage-interface: 1.0.0
      tslib: 1.14.1
    dev: false

  /@walletconnect/jsonrpc-utils/1.0.4:
    resolution: {integrity: sha512-y0+tDxcTZ9BHBBKBJbjZxLUXb+zQZCylf7y/jTvDPNx76J0hYYc+F9zHzyqBLeorSKepLTk6yI8hw3NXbAQB3g==}
    dependencies:
      '@walletconnect/environment': 1.0.1
      '@walletconnect/jsonrpc-types': 1.0.2
      tslib: 1.14.1
    dev: false

  /@walletconnect/safe-json/1.0.1:
    resolution: {integrity: sha512-Fm7e31oSYY15NQr8SsLJheKAy5L744udZf2lJKcz6wFmPJEzf7hOF0866o/rrldRzJnjZ4H2GJ45pFudsnLW5A==}
    dependencies:
      tslib: 1.14.1
    dev: false

  /@walletconnect/types/1.8.0:
    resolution: {integrity: sha512-Cn+3I0V0vT9ghMuzh1KzZvCkiAxTq+1TR2eSqw5E5AVWfmCtECFkVZBP6uUJZ8YjwLqXheI+rnjqPy7sVM4Fyg==}
    deprecated: 'WalletConnect''s v1 SDKs are now deprecated. Please upgrade to a v2 SDK. For details see: https://docs.walletconnect.com/'
    dev: false

  /cross-fetch/3.1.5:
    resolution: {integrity: sha512-lvb1SBsI0Z7GDwmuid+mU3kWVBwTVUbe7S0H52yaaAdQOXq2YktTCZdlAcNKFzE6QtRz0snpw9bNiPeOIkkQvw==}
    dependencies:
      node-fetch: 2.6.7
    transitivePeerDependencies:
      - encoding
    dev: false

  /keyvaluestorage-interface/1.0.0:
    resolution: {integrity: sha512-8t6Q3TclQ4uZynJY9IGr2+SsIGwK9JHcO6ootkHCGA0CrQCRy+VkouYNO2xicET6b9al7QKzpebNow+gkpCL8g==}
    dev: false

  /node-fetch/2.6.7:
    resolution: {integrity: sha512-ZjMPFEfVx5j+y2yF35Kzx5sF7kDzxuDj6ziH4FFbOp87zKDZNx8yExJIb05OGF4Nlt9IHFIMBkRl41VdvcNdbQ==}
    engines: {node: 4.x || >=6.0.0}
    peerDependencies:
      encoding: ^0.1.0
    peerDependenciesMeta:
      encoding:
        optional: true
    dependencies:
      whatwg-url: 5.0.0
    dev: false

  /tr46/0.0.3:
    resolution: {integrity: sha512-N3WMsuqV66lT30CrXNbEjx4GEwlow3v6rr4mCcv6prnfwhS01rkgyFdjPNBYd9br7LpXV1+Emh01fHnq2Gdgrw==}
    dev: false

  /tslib/1.14.1:
    resolution: {integrity: sha512-Xni35NKzjgMrwevysHTCArtLDpPvye8zV/0E4EyYn43P7/7qvQwPh9BGkHewbMulVntbigmcT7rdX3BNo9wRJg==}
    dev: false

  /webidl-conversions/3.0.1:
    resolution: {integrity: sha512-2JAn3z8AR6rjK8Sm8orRC0h/bcl/DqL7tRPdGZ4I1CjdF+EaMLmYxBHyXuKL849eucPFhvBoxMsflfOb8kxaeQ==}
    dev: false

  /whatwg-url/5.0.0:
    resolution: {integrity: sha512-saE57nupxk6v3HY35+jzBwYa0rKSy0XR8JSxZPwgLr7ys0IBzhGviA1/TUGJLmSVqs8pb9AnvICXEuOHLprYTw==}
    dependencies:
      tr46: 0.0.3
      webidl-conversions: 3.0.1
    dev: false

  registry.npmmirror.com/eventemitter3/4.0.7:
    resolution: {integrity: sha512-8guHBZCwKnFhYdHr2ysuRWErTwhoN2X8XELRlrRwpmfeY2jjuUN4taQMsULKUVo1K4DvZl+0pgfyoysHxvmvEw==, registry: http://registry.npm.taobao.org/, tarball: https://registry.npmmirror.com/eventemitter3/-/eventemitter3-4.0.7.tgz}
    name: eventemitter3
    version: 4.0.7
    dev: false
