lockfileVersion: 5.4

specifiers:
  '@openblockhq/dappsdk': ^5
  regenerator-runtime: ^0.13.11

dependencies:
  '@openblockhq/dappsdk': 5.0.5
  regenerator-runtime: 0.13.11

packages:

  /@babel/runtime/7.20.13:
    resolution: {integrity: sha512-gt3PKXs0DBoL9xCvOIIZ2NEqAGZqHjAnmVbfQtB620V0uReIQutpel14KcneZuer7UioY8ALKZ7iocavvzTNFA==}
    engines: {node: '>=6.9.0'}
    dependencies:
      regenerator-runtime: 0.13.11
    dev: false

  /@mysten/bcs/0.5.0:
    resolution: {integrity: sha512-FjGnXZfR4dY01Q1l3xjgaU+ruIlVomXZk8vzgsQXPFOv7O4pNiOOpJyMEMUnWcyUiktk4R9MxoJJrygOtdxaUw==}
    dev: false

  /@mysten/sui.js/0.25.0:
    resolution: {integrity: sha512-q4Ue5epgjM58x/D3Sr7QYugcXWmthJktowyXMlcxipypwX629PLENN15MDuUIqtHLRWvbCu9VLxL6qvLFFExzg==}
    engines: {node: '>=16'}
    dependencies:
      '@mysten/bcs': 0.5.0
      '@noble/hashes': 1.2.0
      '@noble/secp256k1': 1.7.1
      '@scure/bip32': 1.1.5
      '@scure/bip39': 1.1.1
      '@suchipi/femver': 1.0.0
      bs58: 5.0.0
      cross-fetch: 3.1.5
      jayson: 4.0.0
      js-sha3: 0.8.0
      rpc-websockets: 7.5.0
      superstruct: 1.0.3
      tweetnacl: 1.0.3
    transitivePeerDependencies:
      - bufferutil
      - encoding
      - utf-8-validate
    dev: false

  /@mysten/wallet-standard/0.2.11:
    resolution: {integrity: sha512-OwP6GeanU7KQaEhsHaqbaeR9TlrMpQK7Fym1Eyjg74UwkwEajV4iA/QA91lOmY8cLNjBRQQwPqAYnHMRRyHSwg==}
    dependencies:
      '@mysten/sui.js': 0.25.0
      '@wallet-standard/core': 1.0.1
    transitivePeerDependencies:
      - bufferutil
      - encoding
      - utf-8-validate
    dev: false

  /@noble/hashes/1.2.0:
    resolution: {integrity: sha512-FZfhjEDbT5GRswV3C6uvLPHMiVD6lQBmpoX5+eSiPaMTXte/IKqI5dykDxzZB/WBeK/CDuQRBWarPdi3FNY2zQ==}
    dev: false

  /@noble/secp256k1/1.7.1:
    resolution: {integrity: sha512-hOUk6AyBFmqVrv7k5WAw/LpszxVbj9gGN4JRkIX52fdFAj1UA61KXmZDvqVEm+pOyec3+fIeZB02LYa/pWOArw==}
    dev: false

  /@openblockhq/dappsdk/5.0.5:
    resolution: {integrity: sha512-fvS7QDX2j3XnITDGdGzK4YAfvvt1vRResB1yPGE/DEnhXHIglP6WGE8k75G4CznaLBAenOi3FkJ2iLBjCdMNEw==}
    engines: {node: '>= 12.0.0'}
    dependencies:
      '@mysten/wallet-standard': 0.2.11
      mitt: 3.0.0
    transitivePeerDependencies:
      - bufferutil
      - encoding
      - utf-8-validate
    dev: false

  /@scure/base/1.1.1:
    resolution: {integrity: sha512-ZxOhsSyxYwLJj3pLZCefNitxsj093tb2vq90mp2txoYeBqbcjDjqFhyM8eUjq/uFm6zJ+mUuqxlS2FkuSY1MTA==}
    dev: false

  /@scure/bip32/1.1.5:
    resolution: {integrity: sha512-XyNh1rB0SkEqd3tXcXMi+Xe1fvg+kUIcoRIEujP1Jgv7DqW2r9lg3Ah0NkFaCs9sTkQAQA8kw7xiRXzENi9Rtw==}
    dependencies:
      '@noble/hashes': 1.2.0
      '@noble/secp256k1': 1.7.1
      '@scure/base': 1.1.1
    dev: false

  /@scure/bip39/1.1.1:
    resolution: {integrity: sha512-t+wDck2rVkh65Hmv280fYdVdY25J9YeEUIgn2LG1WM6gxFkGzcksoDiUkWVpVp3Oex9xGC68JU2dSbUfwZ2jPg==}
    dependencies:
      '@noble/hashes': 1.2.0
      '@scure/base': 1.1.1
    dev: false

  /@suchipi/femver/1.0.0:
    resolution: {integrity: sha512-bprE8+K5V+DPX7q2e2K57ImqNBdfGHDIWaGI5xHxZoxbKOuQZn4wzPiUxOAHnsUr3w3xHrWXwN7gnG/iIuEMIg==}
    dev: false

  /@types/connect/3.4.35:
    resolution: {integrity: sha512-cdeYyv4KWoEgpBISTxWvqYsVy444DOqehiF3fM3ne10AmJ62RSyNkUnxMJXHQWRQQX2eR94m5y1IZyDwBjV9FQ==}
    dependencies:
      '@types/node': 12.20.55
    dev: false

  /@types/node/12.20.55:
    resolution: {integrity: sha512-J8xLz7q2OFulZ2cyGTLE1TbbZcjpno7FaN6zdJNrgAdrJ+DZzh/uFR6YrTb4C+nXakvud8Q4+rbhoIWlYQbUFQ==}
    dev: false

  /@types/ws/7.4.7:
    resolution: {integrity: sha512-JQbbmxZTZehdc2iszGKs5oC3NFnjeay7mtAWrdt7qNtAVK0g19muApzAy4bm9byz79xa2ZnO/BOBC2R8RC5Lww==}
    dependencies:
      '@types/node': 12.20.55
    dev: false

  /@wallet-standard/app/1.0.1:
    resolution: {integrity: sha512-LnLYq2Vy2guTZ8GQKKSXQK3+FRGPil75XEdkZqE6fiLixJhZJoJa5hT7lXxwe0ykVTt9LEThdTbOpT7KadS26Q==}
    engines: {node: '>=16'}
    dependencies:
      '@wallet-standard/base': 1.0.1
    dev: false

  /@wallet-standard/base/1.0.1:
    resolution: {integrity: sha512-1To3ekMfzhYxe0Yhkpri+Fedq0SYcfrOfJi3vbLjMwF2qiKPjTGLwZkf2C9ftdQmxES+hmxhBzTwF4KgcOwf8w==}
    engines: {node: '>=16'}
    dev: false

  /@wallet-standard/core/1.0.1:
    resolution: {integrity: sha512-PqYTK5gtVfN3TAkSR5Gev3hj2asl7g+wV1ssKITw1LZU8VQIT4l1Y/3JJ75i/Iq7HPyMEfy0wJdqHTGvy87g2Q==}
    engines: {node: '>=16'}
    dependencies:
      '@wallet-standard/app': 1.0.1
      '@wallet-standard/base': 1.0.1
      '@wallet-standard/features': 1.0.1
      '@wallet-standard/wallet': 1.0.1
    dev: false

  /@wallet-standard/features/1.0.1:
    resolution: {integrity: sha512-B/WzRpoEiGQ+kwL/AuzqzNjrGvdL5J2OXiXHkDGONsNbKdtTpExU+ttZKQwSP/EvPl8+ZZ/4OO/Bz4YkigtQDg==}
    engines: {node: '>=16'}
    dependencies:
      '@wallet-standard/base': 1.0.1
    dev: false

  /@wallet-standard/wallet/1.0.1:
    resolution: {integrity: sha512-qkhJeuQU2afQTZ02yMZE5SFc91Fo3hyFjFkpQglHudENNyiSG0oUKcIjky8X32xVSaumgTZSQUAzpXnCTWHzKQ==}
    engines: {node: '>=16'}
    dependencies:
      '@wallet-standard/base': 1.0.1
    dev: false

  /JSONStream/1.3.5:
    resolution: {integrity: sha512-E+iruNOY8VV9s4JEbe1aNEm6MiszPRr/UfcHMz0TQh1BXSxHK+ASV1R6W4HpjBhSeS+54PIsAMCBmwD06LLsqQ==}
    hasBin: true
    dependencies:
      jsonparse: 1.3.1
      through: 2.3.8
    dev: false

  /base-x/4.0.0:
    resolution: {integrity: sha512-FuwxlW4H5kh37X/oW59pwTzzTKRzfrrQwhmyspRM7swOEZcHtDZSCt45U6oKgtuFE+WYPblePMVIPR4RZrh/hw==}
    dev: false

  /bs58/5.0.0:
    resolution: {integrity: sha512-r+ihvQJvahgYT50JD05dyJNKlmmSlMoOGwn1lCcEzanPglg7TxYjioQUYehQ9mAR/+hOSd2jRc/Z2y5UxBymvQ==}
    dependencies:
      base-x: 4.0.0
    dev: false

  /bufferutil/4.0.7:
    resolution: {integrity: sha512-kukuqc39WOHtdxtw4UScxF/WVnMFVSQVKhtx3AjZJzhd0RGZZldcrfSEbVsWWe6KNH253574cq5F+wpv0G9pJw==}
    engines: {node: '>=6.14.2'}
    requiresBuild: true
    dependencies:
      node-gyp-build: 4.6.0
    dev: false

  /commander/2.20.3:
    resolution: {integrity: sha512-GpVkmM8vF2vQUkj2LvZmD35JxeJOLCwJ9cUkugyk2nuhbv3+mJvpLYYt+0+USMxE+oj+ey/lJEnhZw75x/OMcQ==}
    dev: false

  /cross-fetch/3.1.5:
    resolution: {integrity: sha512-lvb1SBsI0Z7GDwmuid+mU3kWVBwTVUbe7S0H52yaaAdQOXq2YktTCZdlAcNKFzE6QtRz0snpw9bNiPeOIkkQvw==}
    dependencies:
      node-fetch: 2.6.7
    transitivePeerDependencies:
      - encoding
    dev: false

  /delay/5.0.0:
    resolution: {integrity: sha512-ReEBKkIfe4ya47wlPYf/gu5ib6yUG0/Aez0JQZQz94kiWtRQvZIQbTiehsnwHvLSWJnQdhVeqYue7Id1dKr0qw==}
    engines: {node: '>=10'}
    dev: false

  /es6-promise/4.2.8:
    resolution: {integrity: sha512-HJDGx5daxeIvxdBxvG2cb9g4tEvwIk3i8+nhX0yGrYmZUzbkdg8QbDevheDB8gd0//uPj4c1EQua8Q+MViT0/w==}
    dev: false

  /es6-promisify/5.0.0:
    resolution: {integrity: sha512-C+d6UdsYDk0lMebHNR4S2NybQMMngAOnOwYBQjTOiv0MkoJMP0Myw2mgpDLBcpfCmRLxyFqYhS/CfOENq4SJhQ==}
    dependencies:
      es6-promise: 4.2.8
    dev: false

  /eventemitter3/4.0.7:
    resolution: {integrity: sha512-8guHBZCwKnFhYdHr2ysuRWErTwhoN2X8XELRlrRwpmfeY2jjuUN4taQMsULKUVo1K4DvZl+0pgfyoysHxvmvEw==}
    dev: false

  /eyes/0.1.8:
    resolution: {integrity: sha512-GipyPsXO1anza0AOZdy69Im7hGFCNB7Y/NGjDlZGJ3GJJLtwNSb2vrzYrTYJRrRloVx7pl+bhUaTB8yiccPvFQ==}
    engines: {node: '> 0.1.90'}
    dev: false

  /isomorphic-ws/4.0.1_ws@7.5.9:
    resolution: {integrity: sha512-BhBvN2MBpWTaSHdWRb/bwdZJ1WaehQ2L1KngkCkfLUGF0mAWAT1sQUQacEmQ0jXkFw/czDXPNQSL5u2/Krsz1w==}
    peerDependencies:
      ws: '*'
    dependencies:
      ws: 7.5.9
    dev: false

  /jayson/4.0.0:
    resolution: {integrity: sha512-v2RNpDCMu45fnLzSk47vx7I+QUaOsox6f5X0CUlabAFwxoP+8MfAY0NQRFwOEYXIxm8Ih5y6OaEa5KYiQMkyAA==}
    engines: {node: '>=8'}
    hasBin: true
    dependencies:
      '@types/connect': 3.4.35
      '@types/node': 12.20.55
      '@types/ws': 7.4.7
      JSONStream: 1.3.5
      commander: 2.20.3
      delay: 5.0.0
      es6-promisify: 5.0.0
      eyes: 0.1.8
      isomorphic-ws: 4.0.1_ws@7.5.9
      json-stringify-safe: 5.0.1
      uuid: 8.3.2
      ws: 7.5.9
    transitivePeerDependencies:
      - bufferutil
      - utf-8-validate
    dev: false

  /js-sha3/0.8.0:
    resolution: {integrity: sha512-gF1cRrHhIzNfToc802P800N8PpXS+evLLXfsVpowqmAFR9uwbi89WvXg2QspOmXL8QL86J4T1EpFu+yUkwJY3Q==}
    dev: false

  /json-stringify-safe/5.0.1:
    resolution: {integrity: sha512-ZClg6AaYvamvYEE82d3Iyd3vSSIjQ+odgjaTzRuO3s7toCdFKczob2i0zCh7JE8kWn17yvAWhUVxvqGwUalsRA==}
    dev: false

  /jsonparse/1.3.1:
    resolution: {integrity: sha512-POQXvpdL69+CluYsillJ7SUhKvytYjW9vG/GKpnf+xP8UWgYEM/RaMzHHofbALDiKbbP1W8UEYmgGl39WkPZsg==}
    engines: {'0': node >= 0.2.0}
    dev: false

  /mitt/3.0.0:
    resolution: {integrity: sha512-7dX2/10ITVyqh4aOSVI9gdape+t9l2/8QxHrFmUXu4EEUpdlxl6RudZUPZoc+zuY2hk1j7XxVroIVIan/pD/SQ==}
    dev: false

  /node-fetch/2.6.7:
    resolution: {integrity: sha512-ZjMPFEfVx5j+y2yF35Kzx5sF7kDzxuDj6ziH4FFbOp87zKDZNx8yExJIb05OGF4Nlt9IHFIMBkRl41VdvcNdbQ==}
    engines: {node: 4.x || >=6.0.0}
    peerDependencies:
      encoding: ^0.1.0
    peerDependenciesMeta:
      encoding:
        optional: true
    dependencies:
      whatwg-url: 5.0.0
    dev: false

  /node-gyp-build/4.6.0:
    resolution: {integrity: sha512-NTZVKn9IylLwUzaKjkas1e4u2DLNcV4rdYagA4PWdPwW87Bi7z+BznyKSRwS/761tV/lzCGXplWsiaMjLqP2zQ==}
    hasBin: true
    dev: false

  /regenerator-runtime/0.13.11:
    resolution: {integrity: sha512-kY1AZVr2Ra+t+piVaJ4gxaFaReZVH40AKNo7UCX6W+dEwBo/2oZJzqfuN1qLq1oL45o56cPaTXELwrTh8Fpggg==}
    dev: false

  /rpc-websockets/7.5.0:
    resolution: {integrity: sha512-9tIRi1uZGy7YmDjErf1Ax3wtqdSSLIlnmL5OtOzgd5eqPKbsPpwDP5whUDO2LQay3Xp0CcHlcNSGzacNRluBaQ==}
    dependencies:
      '@babel/runtime': 7.20.13
      eventemitter3: 4.0.7
      uuid: 8.3.2
      ws: 8.12.1_3cxu5zja4e2r5wmvge7mdcljwq
    optionalDependencies:
      bufferutil: 4.0.7
      utf-8-validate: 5.0.10
    dev: false

  /superstruct/1.0.3:
    resolution: {integrity: sha512-8iTn3oSS8nRGn+C2pgXSKPI3jmpm6FExNazNpjvqS6ZUJQCej3PUXEKM8NjHBOs54ExM+LPW/FBRhymrdcCiSg==}
    engines: {node: '>=14.0.0'}
    dev: false

  /through/2.3.8:
    resolution: {integrity: sha512-w89qg7PI8wAdvX60bMDP+bFoD5Dvhm9oLheFp5O4a2QF0cSBGsBX4qZmadPMvVqlLJBBci+WqGGOAPvcDeNSVg==}
    dev: false

  /tr46/0.0.3:
    resolution: {integrity: sha512-N3WMsuqV66lT30CrXNbEjx4GEwlow3v6rr4mCcv6prnfwhS01rkgyFdjPNBYd9br7LpXV1+Emh01fHnq2Gdgrw==}
    dev: false

  /tweetnacl/1.0.3:
    resolution: {integrity: sha512-6rt+RN7aOi1nGMyC4Xa5DdYiukl2UWCbcJft7YhxReBGQD7OAM8Pbxw6YMo4r2diNEA8FEmu32YOn9rhaiE5yw==}
    dev: false

  /utf-8-validate/5.0.10:
    resolution: {integrity: sha512-Z6czzLq4u8fPOyx7TU6X3dvUZVvoJmxSQ+IcrlmagKhilxlhZgxPK6C5Jqbkw1IDUmFTM+cz9QDnnLTwDz/2gQ==}
    engines: {node: '>=6.14.2'}
    requiresBuild: true
    dependencies:
      node-gyp-build: 4.6.0
    dev: false

  /uuid/8.3.2:
    resolution: {integrity: sha512-+NYs2QeMWy+GWFOEm9xnn6HCDp0l7QBD7ml8zLUmJ+93Q5NF0NocErnwkTkXVFNiX3/fpC6afS8Dhb/gz7R7eg==}
    hasBin: true
    dev: false

  /webidl-conversions/3.0.1:
    resolution: {integrity: sha512-2JAn3z8AR6rjK8Sm8orRC0h/bcl/DqL7tRPdGZ4I1CjdF+EaMLmYxBHyXuKL849eucPFhvBoxMsflfOb8kxaeQ==}
    dev: false

  /whatwg-url/5.0.0:
    resolution: {integrity: sha512-saE57nupxk6v3HY35+jzBwYa0rKSy0XR8JSxZPwgLr7ys0IBzhGviA1/TUGJLmSVqs8pb9AnvICXEuOHLprYTw==}
    dependencies:
      tr46: 0.0.3
      webidl-conversions: 3.0.1
    dev: false

  /ws/7.5.9:
    resolution: {integrity: sha512-F+P9Jil7UiSKSkppIiD94dN07AwvFixvLIj1Og1Rl9GGMuNipJnV9JzjD6XuqmAeiswGvUmNLjr5cFuXwNS77Q==}
    engines: {node: '>=8.3.0'}
    peerDependencies:
      bufferutil: ^4.0.1
      utf-8-validate: ^5.0.2
    peerDependenciesMeta:
      bufferutil:
        optional: true
      utf-8-validate:
        optional: true
    dev: false

  /ws/8.12.1_3cxu5zja4e2r5wmvge7mdcljwq:
    resolution: {integrity: sha512-1qo+M9Ba+xNhPB+YTWUlK6M17brTut5EXbcBaMRN5pH5dFrXz7lzz1ChFSUq3bOUl8yEvSenhHmYUNJxFzdJew==}
    engines: {node: '>=10.0.0'}
    peerDependencies:
      bufferutil: ^4.0.1
      utf-8-validate: '>=5.0.2'
    peerDependenciesMeta:
      bufferutil:
        optional: true
      utf-8-validate:
        optional: true
    dependencies:
      bufferutil: 4.0.7
      utf-8-validate: 5.0.10
    dev: false
